{
  "name": "platforms-test",
  "version": "1.0.0",
  "lockfileVersion": 2,
  "requires": true,
  "packages": {
    "": {
      "name": "platforms-test",
      "version": "1.0.0",
      "license": "ISC",
      "dependencies": {
        "@nuishumb/platforms": "^1.0.0"
      }
    },
    "node_modules/@nuishumb/platforms": {
      "version": "1.0.0",
      "resolved": "https://npm.pkg.github.com/download/@nuishumb/platforms/1.0.0/21fcd5c96f719c6d9bceff1a2a0c53f8a9e615afe207cdeae6cc068135d3a4eb",
      "integrity": "sha512-Y35tcbeKwEnRo3QyShWs+drgfQWD6xz60nTNx0+nv6LtqPp7vH4SKiH4r7h5H4yfS8aBxseOl3V7eLMzbVFu0g==",
      "license": "ISC"
    }
  },
  "dependencies": {
    "@nuishumb/platforms": {
      "version": "1.0.0",
      "resolved": "https://npm.pkg.github.com/download/@nuishumb/platforms/1.0.0/21fcd5c96f719c6d9bceff1a2a0c53f8a9e615afe207cdeae6cc068135d3a4eb",
      "integrity": "sha512-Y35tcbeKwEnRo3QyShWs+drgfQWD6xz60nTNx0+nv6LtqPp7vH4SKiH4r7h5H4yfS8aBxseOl3V7eLMzbVFu0g=="
    }
  }
}
